
Microsoft Visual Studio Solution File, Format Version 12.00
# Visual Studio Version 16
VisualStudioVersion = 16.0.30611.23
MinimumVisualStudioVersion = 10.0.40219.1
Project("{FAE04EC0-301F-11D3-BF4B-00C04F79EFBC}") = "EmployeeApplication_Hard", "EmployeeApplication_Hard\EmployeeApplication_Hard.csproj", "{A18B18D3-9E3A-4FE0-9039-78EC31E258A0}"
EndProject
Global
	GlobalSection(SolutionConfigurationPlatforms) = preSolution
		Debug|Any CPU = Debug|Any CPU
		Release|Any CPU = Release|Any CPU
	EndGlobalSection
	GlobalSection(ProjectConfigurationPlatforms) = postSolution
		{A18B18D3-9E3A-4FE0-9039-78EC31E258A0}.Debug|Any CPU.ActiveCfg = Debug|Any CPU
		{A18B18D3-9E3A-4FE0-9039-78EC31E258A0}.Debug|Any CPU.Build.0 = Debug|Any CPU
		{A18B18D3-9E3A-4FE0-9039-78EC31E258A0}.Release|Any CPU.ActiveCfg = Release|Any CPU
		{A18B18D3-9E3A-4FE0-9039-78EC31E258A0}.Release|Any CPU.Build.0 = Release|Any CPU
	EndGlobalSection
	GlobalSection(SolutionProperties) = preSolution
		HideSolutionNode = FALSE
	EndGlobalSection
	GlobalSection(ExtensibilityGlobals) = postSolution
		SolutionGuid = {4D9C9D26-4069-42BB-8DAA-2BD528537E1B}
	EndGlobalSection
EndGlobal
